
Microsoft Visual Studio Solution File, Format Version 12.00
# Visual Studio Version 16
VisualStudioVersion = 16.0.30711.63
MinimumVisualStudioVersion = 10.0.40219.1
Project("{9A19103F-16F7-4668-BE54-9A1E7A4F7556}") = "KNet.API", "KNet.API\KNet.API.csproj", "{BDB83820-2E58-4975-83AB-96BD16F2C122}"
EndProject
Project("{9A19103F-16F7-4668-BE54-9A1E7A4F7556}") = "KNet.API.Library", "KNet.API.Library\KNet.API.Library.csproj", "{367F043C-1A40-46F1-9282-32CE8057CF1B}"
EndProject
Project("{9A19103F-16F7-4668-BE54-9A1E7A4F7556}") = "KNet.Web", "KNet.Web\KNet.Web.csproj", "{27F63250-C80A-44A6-ADD6-36023C0E3177}"
EndProject
Project("{9A19103F-16F7-4668-BE54-9A1E7A4F7556}") = "KNet.APITests", "KNet.APITests\KNet.APITests.csproj", "{EA43420F-78A8-4B53-B557-8F76FC2484F1}"
EndProject
Global
	GlobalSection(SolutionConfigurationPlatforms) = preSolution
		Debug|Any CPU = Debug|Any CPU
		Release|Any CPU = Release|Any CPU
	EndGlobalSection
	GlobalSection(ProjectConfigurationPlatforms) = postSolution
		{BDB83820-2E58-4975-83AB-96BD16F2C122}.Debug|Any CPU.ActiveCfg = Debug|Any CPU
		{BDB83820-2E58-4975-83AB-96BD16F2C122}.Debug|Any CPU.Build.0 = Debug|Any CPU
		{BDB83820-2E58-4975-83AB-96BD16F2C122}.Release|Any CPU.ActiveCfg = Release|Any CPU
		{BDB83820-2E58-4975-83AB-96BD16F2C122}.Release|Any CPU.Build.0 = Release|Any CPU
		{367F043C-1A40-46F1-9282-32CE8057CF1B}.Debug|Any CPU.ActiveCfg = Debug|Any CPU
		{367F043C-1A40-46F1-9282-32CE8057CF1B}.Debug|Any CPU.Build.0 = Debug|Any CPU
		{367F043C-1A40-46F1-9282-32CE8057CF1B}.Release|Any CPU.ActiveCfg = Release|Any CPU
		{367F043C-1A40-46F1-9282-32CE8057CF1B}.Release|Any CPU.Build.0 = Release|Any CPU
		{27F63250-C80A-44A6-ADD6-36023C0E3177}.Debug|Any CPU.ActiveCfg = Debug|Any CPU
		{27F63250-C80A-44A6-ADD6-36023C0E3177}.Debug|Any CPU.Build.0 = Debug|Any CPU
		{27F63250-C80A-44A6-ADD6-36023C0E3177}.Release|Any CPU.ActiveCfg = Release|Any CPU
		{27F63250-C80A-44A6-ADD6-36023C0E3177}.Release|Any CPU.Build.0 = Release|Any CPU
		{EA43420F-78A8-4B53-B557-8F76FC2484F1}.Debug|Any CPU.ActiveCfg = Debug|Any CPU
		{EA43420F-78A8-4B53-B557-8F76FC2484F1}.Debug|Any CPU.Build.0 = Debug|Any CPU
		{EA43420F-78A8-4B53-B557-8F76FC2484F1}.Release|Any CPU.ActiveCfg = Release|Any CPU
		{EA43420F-78A8-4B53-B557-8F76FC2484F1}.Release|Any CPU.Build.0 = Release|Any CPU
	EndGlobalSection
	GlobalSection(SolutionProperties) = preSolution
		HideSolutionNode = FALSE
	EndGlobalSection
	GlobalSection(ExtensibilityGlobals) = postSolution
		SolutionGuid = {E3347950-71AB-447F-B4E7-7DCB2980F8F9}
	EndGlobalSection
EndGlobal
