
Microsoft Visual Studio Solution File, Format Version 12.00
# Visual Studio Version 16
VisualStudioVersion = 16.0.30711.63
MinimumVisualStudioVersion = 10.0.40219.1
Project("{FAE04EC0-301F-11D3-BF4B-00C04F79EFBC}") = "KNetAPI", "KNetAPI\KNetAPI.csproj", "{48D3D9C5-D0B6-4E67-93F9-31BBAC104F93}"
EndProject
Global
	GlobalSection(SolutionConfigurationPlatforms) = preSolution
		Debug|Any CPU = Debug|Any CPU
		Release|Any CPU = Release|Any CPU
	EndGlobalSection
	GlobalSection(ProjectConfigurationPlatforms) = postSolution
		{48D3D9C5-D0B6-4E67-93F9-31BBAC104F93}.Debug|Any CPU.ActiveCfg = Debug|Any CPU
		{48D3D9C5-D0B6-4E67-93F9-31BBAC104F93}.Debug|Any CPU.Build.0 = Debug|Any CPU
		{48D3D9C5-D0B6-4E67-93F9-31BBAC104F93}.Release|Any CPU.ActiveCfg = Release|Any CPU
		{48D3D9C5-D0B6-4E67-93F9-31BBAC104F93}.Release|Any CPU.Build.0 = Release|Any CPU
	EndGlobalSection
	GlobalSection(SolutionProperties) = preSolution
		HideSolutionNode = FALSE
	EndGlobalSection
	GlobalSection(ExtensibilityGlobals) = postSolution
		SolutionGuid = {629629B8-A249-46CC-89B9-A7298AD57E45}
	EndGlobalSection
EndGlobal
